
Microsoft Visual Studio Solution File, Format Version 12.00
# Visual Studio 15
VisualStudioVersion = 15.0.26730.12
MinimumVisualStudioVersion = 10.0.40219.1
Project("{2150E333-8FDC-42A3-9474-1A3956D46DE8}") = "src", "src", "{9D33292E-7990-4813-8114-A1309D5D8DC9}"
EndProject
Project("{2150E333-8FDC-42A3-9474-1A3956D46DE8}") = "01 提供程序模式", "01 提供程序模式", "{82F9F40C-2899-43F0-8A02-1B60082903CF}"
EndProject
Project("{2150E333-8FDC-42A3-9474-1A3956D46DE8}") = "02 链式编程模式", "02 链式编程模式", "{0285C6F2-4246-49BA-8C98-D357E226F785}"
EndProject
Project("{FAE04EC0-301F-11D3-BF4B-00C04F79EFBC}") = "02 Pattern", "02 Pattern\02 Pattern.csproj", "{E0712AC6-E511-4B09-8542-F2A15BB74F08}"
EndProject
Project("{FAE04EC0-301F-11D3-BF4B-00C04F79EFBC}") = "01 Pattern", "01 Pattern\01 Pattern.csproj", "{1651F168-7184-4886-8F29-8AC891F7C636}"
EndProject
Project("{2150E333-8FDC-42A3-9474-1A3956D46DE8}") = "10 测试", "10 测试", "{B868BA56-D90A-4B7E-AA5C-13CF2A18DC5B}"
EndProject
Project("{FAE04EC0-301F-11D3-BF4B-00C04F79EFBC}") = "TestApp", "TestApp\TestApp.csproj", "{3C2DC577-7919-4363-98F7-8C162B9E7580}"
EndProject
Project("{2150E333-8FDC-42A3-9474-1A3956D46DE8}") = "03 管道模式", "03 管道模式", "{123167F6-489F-490E-9A2F-42F091A6CB23}"
EndProject
Project("{FAE04EC0-301F-11D3-BF4B-00C04F79EFBC}") = "03 Pattern", "03 Pattern\03 Pattern.csproj", "{5D2E4982-F7B3-4064-A1A2-7BF79EBF15A3}"
EndProject
Project("{2150E333-8FDC-42A3-9474-1A3956D46DE8}") = "04 逻辑上下文模式", "04 逻辑上下文模式", "{2DEEA856-959C-4818-9A06-BE7C30764D72}"
EndProject
Project("{FAE04EC0-301F-11D3-BF4B-00C04F79EFBC}") = "04 Pattern", "04 Pattern\04 Pattern.csproj", "{8752D926-6F57-4EA3-B9C3-24D80EBC95F1}"
EndProject
Project("{2150E333-8FDC-42A3-9474-1A3956D46DE8}") = "05 钝化程序模式", "05 钝化程序模式", "{D582E55D-412F-44F2-A461-EAC1103B28D3}"
EndProject
Project("{FAE04EC0-301F-11D3-BF4B-00C04F79EFBC}") = "05 Pattern", "05 Pattern\05 Pattern.csproj", "{C2385F1D-C575-4D63-8E1C-47B2DCAC24CC}"
EndProject
Project("{2150E333-8FDC-42A3-9474-1A3956D46DE8}") = "06 领域驱动设计", "06 领域驱动设计", "{A2F886D3-EAC1-4A28-B793-C767FDECE019}"
EndProject
Project("{2150E333-8FDC-42A3-9474-1A3956D46DE8}") = "01 领域事件与事件总线", "01 领域事件与事件总线", "{03D10235-6997-43F2-A174-10BAC05FCB36}"
EndProject
Project("{FAE04EC0-301F-11D3-BF4B-00C04F79EFBC}") = "06 01 Pattern", "06 01 Pattern\06 01 Pattern.csproj", "{72F467B3-A655-45CF-9902-9D120B5B2465}"
EndProject
Project("{2150E333-8FDC-42A3-9474-1A3956D46DE8}") = "00 领域设计经典分层", "00 领域设计经典分层", "{0DE87D34-F078-46DB-A7AE-A4C5AC6D22CC}"
EndProject
Project("{FAE04EC0-301F-11D3-BF4B-00C04F79EFBC}") = "01 Infrastructure", "06 00 Pattern\Infrastructure\01 Infrastructure.csproj", "{B630A42C-59BF-4A36-B30F-186296E0566D}"
EndProject
Project("{FAE04EC0-301F-11D3-BF4B-00C04F79EFBC}") = "02 Domain", "06 00 Pattern\Domain\02 Domain.csproj", "{411CA056-7F9E-4458-934F-C26D008F9D6A}"
EndProject
Project("{FAE04EC0-301F-11D3-BF4B-00C04F79EFBC}") = "03 Application", "06 00 Pattern\Application\03 Application.csproj", "{23463AA2-8F76-4646-9D60-FE966C39F14F}"
EndProject
Project("{FAE04EC0-301F-11D3-BF4B-00C04F79EFBC}") = "04 UserInterface", "06 00 Pattern\UserInterface\04 UserInterface.csproj", "{8FE6D06A-2EE2-40C0-9BB4-E09545ACEF60}"
EndProject
Project("{2150E333-8FDC-42A3-9474-1A3956D46DE8}") = "07 ORM", "07 ORM", "{211F6427-EB59-4389-B8FB-5E04EFF87DC2}"
EndProject
Project("{FAE04EC0-301F-11D3-BF4B-00C04F79EFBC}") = "07 Pattern", "07 Pattern\07 Pattern\07 Pattern.csproj", "{D5B75E5A-07C2-4B96-8581-CB2940EF66A5}"
EndProject
Project("{2150E333-8FDC-42A3-9474-1A3956D46DE8}") = "08 消费者模式", "08 消费者模式", "{BE53AAD9-BF72-47D6-9EFC-7A05AFC08E79}"
EndProject
Project("{FAE04EC0-301F-11D3-BF4B-00C04F79EFBC}") = "08 Pattern", "08 Pattern\08 Pattern.csproj", "{BD83F4C3-E3AC-407B-8725-EBFAF3671046}"
EndProject
Global
	GlobalSection(SolutionConfigurationPlatforms) = preSolution
		Debug|Any CPU = Debug|Any CPU
		Debug|ARM = Debug|ARM
		Debug|x64 = Debug|x64
		Debug|x86 = Debug|x86
		Release|Any CPU = Release|Any CPU
		Release|ARM = Release|ARM
		Release|x64 = Release|x64
		Release|x86 = Release|x86
	EndGlobalSection
	GlobalSection(ProjectConfigurationPlatforms) = postSolution
		{E0712AC6-E511-4B09-8542-F2A15BB74F08}.Debug|Any CPU.ActiveCfg = Debug|Any CPU
		{E0712AC6-E511-4B09-8542-F2A15BB74F08}.Debug|Any CPU.Build.0 = Debug|Any CPU
		{E0712AC6-E511-4B09-8542-F2A15BB74F08}.Debug|ARM.ActiveCfg = Debug|Any CPU
		{E0712AC6-E511-4B09-8542-F2A15BB74F08}.Debug|ARM.Build.0 = Debug|Any CPU
		{E0712AC6-E511-4B09-8542-F2A15BB74F08}.Debug|x64.ActiveCfg = Debug|Any CPU
		{E0712AC6-E511-4B09-8542-F2A15BB74F08}.Debug|x64.Build.0 = Debug|Any CPU
		{E0712AC6-E511-4B09-8542-F2A15BB74F08}.Debug|x86.ActiveCfg = Debug|Any CPU
		{E0712AC6-E511-4B09-8542-F2A15BB74F08}.Debug|x86.Build.0 = Debug|Any CPU
		{E0712AC6-E511-4B09-8542-F2A15BB74F08}.Release|Any CPU.ActiveCfg = Release|Any CPU
		{E0712AC6-E511-4B09-8542-F2A15BB74F08}.Release|Any CPU.Build.0 = Release|Any CPU
		{E0712AC6-E511-4B09-8542-F2A15BB74F08}.Release|ARM.ActiveCfg = Release|Any CPU
		{E0712AC6-E511-4B09-8542-F2A15BB74F08}.Release|ARM.Build.0 = Release|Any CPU
		{E0712AC6-E511-4B09-8542-F2A15BB74F08}.Release|x64.ActiveCfg = Release|Any CPU
		{E0712AC6-E511-4B09-8542-F2A15BB74F08}.Release|x64.Build.0 = Release|Any CPU
		{E0712AC6-E511-4B09-8542-F2A15BB74F08}.Release|x86.ActiveCfg = Release|Any CPU
		{E0712AC6-E511-4B09-8542-F2A15BB74F08}.Release|x86.Build.0 = Release|Any CPU
		{1651F168-7184-4886-8F29-8AC891F7C636}.Debug|Any CPU.ActiveCfg = Debug|Any CPU
		{1651F168-7184-4886-8F29-8AC891F7C636}.Debug|Any CPU.Build.0 = Debug|Any CPU
		{1651F168-7184-4886-8F29-8AC891F7C636}.Debug|ARM.ActiveCfg = Debug|Any CPU
		{1651F168-7184-4886-8F29-8AC891F7C636}.Debug|ARM.Build.0 = Debug|Any CPU
		{1651F168-7184-4886-8F29-8AC891F7C636}.Debug|x64.ActiveCfg = Debug|Any CPU
		{1651F168-7184-4886-8F29-8AC891F7C636}.Debug|x64.Build.0 = Debug|Any CPU
		{1651F168-7184-4886-8F29-8AC891F7C636}.Debug|x86.ActiveCfg = Debug|Any CPU
		{1651F168-7184-4886-8F29-8AC891F7C636}.Debug|x86.Build.0 = Debug|Any CPU
		{1651F168-7184-4886-8F29-8AC891F7C636}.Release|Any CPU.ActiveCfg = Release|Any CPU
		{1651F168-7184-4886-8F29-8AC891F7C636}.Release|Any CPU.Build.0 = Release|Any CPU
		{1651F168-7184-4886-8F29-8AC891F7C636}.Release|ARM.ActiveCfg = Release|Any CPU
		{1651F168-7184-4886-8F29-8AC891F7C636}.Release|ARM.Build.0 = Release|Any CPU
		{1651F168-7184-4886-8F29-8AC891F7C636}.Release|x64.ActiveCfg = Release|Any CPU
		{1651F168-7184-4886-8F29-8AC891F7C636}.Release|x64.Build.0 = Release|Any CPU
		{1651F168-7184-4886-8F29-8AC891F7C636}.Release|x86.ActiveCfg = Release|Any CPU
		{1651F168-7184-4886-8F29-8AC891F7C636}.Release|x86.Build.0 = Release|Any CPU
		{3C2DC577-7919-4363-98F7-8C162B9E7580}.Debug|Any CPU.ActiveCfg = Debug|Any CPU
		{3C2DC577-7919-4363-98F7-8C162B9E7580}.Debug|Any CPU.Build.0 = Debug|Any CPU
		{3C2DC577-7919-4363-98F7-8C162B9E7580}.Debug|ARM.ActiveCfg = Debug|Any CPU
		{3C2DC577-7919-4363-98F7-8C162B9E7580}.Debug|ARM.Build.0 = Debug|Any CPU
		{3C2DC577-7919-4363-98F7-8C162B9E7580}.Debug|x64.ActiveCfg = Debug|Any CPU
		{3C2DC577-7919-4363-98F7-8C162B9E7580}.Debug|x64.Build.0 = Debug|Any CPU
		{3C2DC577-7919-4363-98F7-8C162B9E7580}.Debug|x86.ActiveCfg = Debug|Any CPU
		{3C2DC577-7919-4363-98F7-8C162B9E7580}.Debug|x86.Build.0 = Debug|Any CPU
		{3C2DC577-7919-4363-98F7-8C162B9E7580}.Release|Any CPU.ActiveCfg = Release|Any CPU
		{3C2DC577-7919-4363-98F7-8C162B9E7580}.Release|Any CPU.Build.0 = Release|Any CPU
		{3C2DC577-7919-4363-98F7-8C162B9E7580}.Release|ARM.ActiveCfg = Release|Any CPU
		{3C2DC577-7919-4363-98F7-8C162B9E7580}.Release|ARM.Build.0 = Release|Any CPU
		{3C2DC577-7919-4363-98F7-8C162B9E7580}.Release|x64.ActiveCfg = Release|Any CPU
		{3C2DC577-7919-4363-98F7-8C162B9E7580}.Release|x64.Build.0 = Release|Any CPU
		{3C2DC577-7919-4363-98F7-8C162B9E7580}.Release|x86.ActiveCfg = Release|Any CPU
		{3C2DC577-7919-4363-98F7-8C162B9E7580}.Release|x86.Build.0 = Release|Any CPU
		{5D2E4982-F7B3-4064-A1A2-7BF79EBF15A3}.Debug|Any CPU.ActiveCfg = Debug|Any CPU
		{5D2E4982-F7B3-4064-A1A2-7BF79EBF15A3}.Debug|Any CPU.Build.0 = Debug|Any CPU
		{5D2E4982-F7B3-4064-A1A2-7BF79EBF15A3}.Debug|ARM.ActiveCfg = Debug|Any CPU
		{5D2E4982-F7B3-4064-A1A2-7BF79EBF15A3}.Debug|ARM.Build.0 = Debug|Any CPU
		{5D2E4982-F7B3-4064-A1A2-7BF79EBF15A3}.Debug|x64.ActiveCfg = Debug|Any CPU
		{5D2E4982-F7B3-4064-A1A2-7BF79EBF15A3}.Debug|x64.Build.0 = Debug|Any CPU
		{5D2E4982-F7B3-4064-A1A2-7BF79EBF15A3}.Debug|x86.ActiveCfg = Debug|Any CPU
		{5D2E4982-F7B3-4064-A1A2-7BF79EBF15A3}.Debug|x86.Build.0 = Debug|Any CPU
		{5D2E4982-F7B3-4064-A1A2-7BF79EBF15A3}.Release|Any CPU.ActiveCfg = Release|Any CPU
		{5D2E4982-F7B3-4064-A1A2-7BF79EBF15A3}.Release|Any CPU.Build.0 = Release|Any CPU
		{5D2E4982-F7B3-4064-A1A2-7BF79EBF15A3}.Release|ARM.ActiveCfg = Release|Any CPU
		{5D2E4982-F7B3-4064-A1A2-7BF79EBF15A3}.Release|ARM.Build.0 = Release|Any CPU
		{5D2E4982-F7B3-4064-A1A2-7BF79EBF15A3}.Release|x64.ActiveCfg = Release|Any CPU
		{5D2E4982-F7B3-4064-A1A2-7BF79EBF15A3}.Release|x64.Build.0 = Release|Any CPU
		{5D2E4982-F7B3-4064-A1A2-7BF79EBF15A3}.Release|x86.ActiveCfg = Release|Any CPU
		{5D2E4982-F7B3-4064-A1A2-7BF79EBF15A3}.Release|x86.Build.0 = Release|Any CPU
		{8752D926-6F57-4EA3-B9C3-24D80EBC95F1}.Debug|Any CPU.ActiveCfg = Debug|Any CPU
		{8752D926-6F57-4EA3-B9C3-24D80EBC95F1}.Debug|Any CPU.Build.0 = Debug|Any CPU
		{8752D926-6F57-4EA3-B9C3-24D80EBC95F1}.Debug|ARM.ActiveCfg = Debug|Any CPU
		{8752D926-6F57-4EA3-B9C3-24D80EBC95F1}.Debug|ARM.Build.0 = Debug|Any CPU
		{8752D926-6F57-4EA3-B9C3-24D80EBC95F1}.Debug|x64.ActiveCfg = Debug|Any CPU
		{8752D926-6F57-4EA3-B9C3-24D80EBC95F1}.Debug|x64.Build.0 = Debug|Any CPU
		{8752D926-6F57-4EA3-B9C3-24D80EBC95F1}.Debug|x86.ActiveCfg = Debug|Any CPU
		{8752D926-6F57-4EA3-B9C3-24D80EBC95F1}.Debug|x86.Build.0 = Debug|Any CPU
		{8752D926-6F57-4EA3-B9C3-24D80EBC95F1}.Release|Any CPU.ActiveCfg = Release|Any CPU
		{8752D926-6F57-4EA3-B9C3-24D80EBC95F1}.Release|Any CPU.Build.0 = Release|Any CPU
		{8752D926-6F57-4EA3-B9C3-24D80EBC95F1}.Release|ARM.ActiveCfg = Release|Any CPU
		{8752D926-6F57-4EA3-B9C3-24D80EBC95F1}.Release|ARM.Build.0 = Release|Any CPU
		{8752D926-6F57-4EA3-B9C3-24D80EBC95F1}.Release|x64.ActiveCfg = Release|Any CPU
		{8752D926-6F57-4EA3-B9C3-24D80EBC95F1}.Release|x64.Build.0 = Release|Any CPU
		{8752D926-6F57-4EA3-B9C3-24D80EBC95F1}.Release|x86.ActiveCfg = Release|Any CPU
		{8752D926-6F57-4EA3-B9C3-24D80EBC95F1}.Release|x86.Build.0 = Release|Any CPU
		{C2385F1D-C575-4D63-8E1C-47B2DCAC24CC}.Debug|Any CPU.ActiveCfg = Debug|Any CPU
		{C2385F1D-C575-4D63-8E1C-47B2DCAC24CC}.Debug|Any CPU.Build.0 = Debug|Any CPU
		{C2385F1D-C575-4D63-8E1C-47B2DCAC24CC}.Debug|ARM.ActiveCfg = Debug|Any CPU
		{C2385F1D-C575-4D63-8E1C-47B2DCAC24CC}.Debug|ARM.Build.0 = Debug|Any CPU
		{C2385F1D-C575-4D63-8E1C-47B2DCAC24CC}.Debug|x64.ActiveCfg = Debug|Any CPU
		{C2385F1D-C575-4D63-8E1C-47B2DCAC24CC}.Debug|x64.Build.0 = Debug|Any CPU
		{C2385F1D-C575-4D63-8E1C-47B2DCAC24CC}.Debug|x86.ActiveCfg = Debug|Any CPU
		{C2385F1D-C575-4D63-8E1C-47B2DCAC24CC}.Debug|x86.Build.0 = Debug|Any CPU
		{C2385F1D-C575-4D63-8E1C-47B2DCAC24CC}.Release|Any CPU.ActiveCfg = Release|Any CPU
		{C2385F1D-C575-4D63-8E1C-47B2DCAC24CC}.Release|Any CPU.Build.0 = Release|Any CPU
		{C2385F1D-C575-4D63-8E1C-47B2DCAC24CC}.Release|ARM.ActiveCfg = Release|Any CPU
		{C2385F1D-C575-4D63-8E1C-47B2DCAC24CC}.Release|ARM.Build.0 = Release|Any CPU
		{C2385F1D-C575-4D63-8E1C-47B2DCAC24CC}.Release|x64.ActiveCfg = Release|Any CPU
		{C2385F1D-C575-4D63-8E1C-47B2DCAC24CC}.Release|x64.Build.0 = Release|Any CPU
		{C2385F1D-C575-4D63-8E1C-47B2DCAC24CC}.Release|x86.ActiveCfg = Release|Any CPU
		{C2385F1D-C575-4D63-8E1C-47B2DCAC24CC}.Release|x86.Build.0 = Release|Any CPU
		{72F467B3-A655-45CF-9902-9D120B5B2465}.Debug|Any CPU.ActiveCfg = Debug|Any CPU
		{72F467B3-A655-45CF-9902-9D120B5B2465}.Debug|Any CPU.Build.0 = Debug|Any CPU
		{72F467B3-A655-45CF-9902-9D120B5B2465}.Debug|ARM.ActiveCfg = Debug|Any CPU
		{72F467B3-A655-45CF-9902-9D120B5B2465}.Debug|ARM.Build.0 = Debug|Any CPU
		{72F467B3-A655-45CF-9902-9D120B5B2465}.Debug|x64.ActiveCfg = Debug|Any CPU
		{72F467B3-A655-45CF-9902-9D120B5B2465}.Debug|x64.Build.0 = Debug|Any CPU
		{72F467B3-A655-45CF-9902-9D120B5B2465}.Debug|x86.ActiveCfg = Debug|Any CPU
		{72F467B3-A655-45CF-9902-9D120B5B2465}.Debug|x86.Build.0 = Debug|Any CPU
		{72F467B3-A655-45CF-9902-9D120B5B2465}.Release|Any CPU.ActiveCfg = Release|Any CPU
		{72F467B3-A655-45CF-9902-9D120B5B2465}.Release|Any CPU.Build.0 = Release|Any CPU
		{72F467B3-A655-45CF-9902-9D120B5B2465}.Release|ARM.ActiveCfg = Release|Any CPU
		{72F467B3-A655-45CF-9902-9D120B5B2465}.Release|ARM.Build.0 = Release|Any CPU
		{72F467B3-A655-45CF-9902-9D120B5B2465}.Release|x64.ActiveCfg = Release|Any CPU
		{72F467B3-A655-45CF-9902-9D120B5B2465}.Release|x64.Build.0 = Release|Any CPU
		{72F467B3-A655-45CF-9902-9D120B5B2465}.Release|x86.ActiveCfg = Release|Any CPU
		{72F467B3-A655-45CF-9902-9D120B5B2465}.Release|x86.Build.0 = Release|Any CPU
		{B630A42C-59BF-4A36-B30F-186296E0566D}.Debug|Any CPU.ActiveCfg = Debug|Any CPU
		{B630A42C-59BF-4A36-B30F-186296E0566D}.Debug|Any CPU.Build.0 = Debug|Any CPU
		{B630A42C-59BF-4A36-B30F-186296E0566D}.Debug|ARM.ActiveCfg = Debug|Any CPU
		{B630A42C-59BF-4A36-B30F-186296E0566D}.Debug|ARM.Build.0 = Debug|Any CPU
		{B630A42C-59BF-4A36-B30F-186296E0566D}.Debug|x64.ActiveCfg = Debug|Any CPU
		{B630A42C-59BF-4A36-B30F-186296E0566D}.Debug|x64.Build.0 = Debug|Any CPU
		{B630A42C-59BF-4A36-B30F-186296E0566D}.Debug|x86.ActiveCfg = Debug|Any CPU
		{B630A42C-59BF-4A36-B30F-186296E0566D}.Debug|x86.Build.0 = Debug|Any CPU
		{B630A42C-59BF-4A36-B30F-186296E0566D}.Release|Any CPU.ActiveCfg = Release|Any CPU
		{B630A42C-59BF-4A36-B30F-186296E0566D}.Release|Any CPU.Build.0 = Release|Any CPU
		{B630A42C-59BF-4A36-B30F-186296E0566D}.Release|ARM.ActiveCfg = Release|Any CPU
		{B630A42C-59BF-4A36-B30F-186296E0566D}.Release|ARM.Build.0 = Release|Any CPU
		{B630A42C-59BF-4A36-B30F-186296E0566D}.Release|x64.ActiveCfg = Release|Any CPU
		{B630A42C-59BF-4A36-B30F-186296E0566D}.Release|x64.Build.0 = Release|Any CPU
		{B630A42C-59BF-4A36-B30F-186296E0566D}.Release|x86.ActiveCfg = Release|Any CPU
		{B630A42C-59BF-4A36-B30F-186296E0566D}.Release|x86.Build.0 = Release|Any CPU
		{411CA056-7F9E-4458-934F-C26D008F9D6A}.Debug|Any CPU.ActiveCfg = Debug|Any CPU
		{411CA056-7F9E-4458-934F-C26D008F9D6A}.Debug|Any CPU.Build.0 = Debug|Any CPU
		{411CA056-7F9E-4458-934F-C26D008F9D6A}.Debug|ARM.ActiveCfg = Debug|Any CPU
		{411CA056-7F9E-4458-934F-C26D008F9D6A}.Debug|ARM.Build.0 = Debug|Any CPU
		{411CA056-7F9E-4458-934F-C26D008F9D6A}.Debug|x64.ActiveCfg = Debug|Any CPU
		{411CA056-7F9E-4458-934F-C26D008F9D6A}.Debug|x64.Build.0 = Debug|Any CPU
		{411CA056-7F9E-4458-934F-C26D008F9D6A}.Debug|x86.ActiveCfg = Debug|Any CPU
		{411CA056-7F9E-4458-934F-C26D008F9D6A}.Debug|x86.Build.0 = Debug|Any CPU
		{411CA056-7F9E-4458-934F-C26D008F9D6A}.Release|Any CPU.ActiveCfg = Release|Any CPU
		{411CA056-7F9E-4458-934F-C26D008F9D6A}.Release|Any CPU.Build.0 = Release|Any CPU
		{411CA056-7F9E-4458-934F-C26D008F9D6A}.Release|ARM.ActiveCfg = Release|Any CPU
		{411CA056-7F9E-4458-934F-C26D008F9D6A}.Release|ARM.Build.0 = Release|Any CPU
		{411CA056-7F9E-4458-934F-C26D008F9D6A}.Release|x64.ActiveCfg = Release|Any CPU
		{411CA056-7F9E-4458-934F-C26D008F9D6A}.Release|x64.Build.0 = Release|Any CPU
		{411CA056-7F9E-4458-934F-C26D008F9D6A}.Release|x86.ActiveCfg = Release|Any CPU
		{411CA056-7F9E-4458-934F-C26D008F9D6A}.Release|x86.Build.0 = Release|Any CPU
		{23463AA2-8F76-4646-9D60-FE966C39F14F}.Debug|Any CPU.ActiveCfg = Debug|Any CPU
		{23463AA2-8F76-4646-9D60-FE966C39F14F}.Debug|Any CPU.Build.0 = Debug|Any CPU
		{23463AA2-8F76-4646-9D60-FE966C39F14F}.Debug|ARM.ActiveCfg = Debug|Any CPU
		{23463AA2-8F76-4646-9D60-FE966C39F14F}.Debug|ARM.Build.0 = Debug|Any CPU
		{23463AA2-8F76-4646-9D60-FE966C39F14F}.Debug|x64.ActiveCfg = Debug|Any CPU
		{23463AA2-8F76-4646-9D60-FE966C39F14F}.Debug|x64.Build.0 = Debug|Any CPU
		{23463AA2-8F76-4646-9D60-FE966C39F14F}.Debug|x86.ActiveCfg = Debug|Any CPU
		{23463AA2-8F76-4646-9D60-FE966C39F14F}.Debug|x86.Build.0 = Debug|Any CPU
		{23463AA2-8F76-4646-9D60-FE966C39F14F}.Release|Any CPU.ActiveCfg = Release|Any CPU
		{23463AA2-8F76-4646-9D60-FE966C39F14F}.Release|Any CPU.Build.0 = Release|Any CPU
		{23463AA2-8F76-4646-9D60-FE966C39F14F}.Release|ARM.ActiveCfg = Release|Any CPU
		{23463AA2-8F76-4646-9D60-FE966C39F14F}.Release|ARM.Build.0 = Release|Any CPU
		{23463AA2-8F76-4646-9D60-FE966C39F14F}.Release|x64.ActiveCfg = Release|Any CPU
		{23463AA2-8F76-4646-9D60-FE966C39F14F}.Release|x64.Build.0 = Release|Any CPU
		{23463AA2-8F76-4646-9D60-FE966C39F14F}.Release|x86.ActiveCfg = Release|Any CPU
		{23463AA2-8F76-4646-9D60-FE966C39F14F}.Release|x86.Build.0 = Release|Any CPU
		{8FE6D06A-2EE2-40C0-9BB4-E09545ACEF60}.Debug|Any CPU.ActiveCfg = Debug|Any CPU
		{8FE6D06A-2EE2-40C0-9BB4-E09545ACEF60}.Debug|Any CPU.Build.0 = Debug|Any CPU
		{8FE6D06A-2EE2-40C0-9BB4-E09545ACEF60}.Debug|ARM.ActiveCfg = Debug|Any CPU
		{8FE6D06A-2EE2-40C0-9BB4-E09545ACEF60}.Debug|ARM.Build.0 = Debug|Any CPU
		{8FE6D06A-2EE2-40C0-9BB4-E09545ACEF60}.Debug|x64.ActiveCfg = Debug|Any CPU
		{8FE6D06A-2EE2-40C0-9BB4-E09545ACEF60}.Debug|x64.Build.0 = Debug|Any CPU
		{8FE6D06A-2EE2-40C0-9BB4-E09545ACEF60}.Debug|x86.ActiveCfg = Debug|Any CPU
		{8FE6D06A-2EE2-40C0-9BB4-E09545ACEF60}.Debug|x86.Build.0 = Debug|Any CPU
		{8FE6D06A-2EE2-40C0-9BB4-E09545ACEF60}.Release|Any CPU.ActiveCfg = Release|Any CPU
		{8FE6D06A-2EE2-40C0-9BB4-E09545ACEF60}.Release|Any CPU.Build.0 = Release|Any CPU
		{8FE6D06A-2EE2-40C0-9BB4-E09545ACEF60}.Release|ARM.ActiveCfg = Release|Any CPU
		{8FE6D06A-2EE2-40C0-9BB4-E09545ACEF60}.Release|ARM.Build.0 = Release|Any CPU
		{8FE6D06A-2EE2-40C0-9BB4-E09545ACEF60}.Release|x64.ActiveCfg = Release|Any CPU
		{8FE6D06A-2EE2-40C0-9BB4-E09545ACEF60}.Release|x64.Build.0 = Release|Any CPU
		{8FE6D06A-2EE2-40C0-9BB4-E09545ACEF60}.Release|x86.ActiveCfg = Release|Any CPU
		{8FE6D06A-2EE2-40C0-9BB4-E09545ACEF60}.Release|x86.Build.0 = Release|Any CPU
		{D5B75E5A-07C2-4B96-8581-CB2940EF66A5}.Debug|Any CPU.ActiveCfg = Debug|Any CPU
		{D5B75E5A-07C2-4B96-8581-CB2940EF66A5}.Debug|Any CPU.Build.0 = Debug|Any CPU
		{D5B75E5A-07C2-4B96-8581-CB2940EF66A5}.Debug|ARM.ActiveCfg = Debug|Any CPU
		{D5B75E5A-07C2-4B96-8581-CB2940EF66A5}.Debug|ARM.Build.0 = Debug|Any CPU
		{D5B75E5A-07C2-4B96-8581-CB2940EF66A5}.Debug|x64.ActiveCfg = Debug|Any CPU
		{D5B75E5A-07C2-4B96-8581-CB2940EF66A5}.Debug|x64.Build.0 = Debug|Any CPU
		{D5B75E5A-07C2-4B96-8581-CB2940EF66A5}.Debug|x86.ActiveCfg = Debug|Any CPU
		{D5B75E5A-07C2-4B96-8581-CB2940EF66A5}.Debug|x86.Build.0 = Debug|Any CPU
		{D5B75E5A-07C2-4B96-8581-CB2940EF66A5}.Release|Any CPU.ActiveCfg = Release|Any CPU
		{D5B75E5A-07C2-4B96-8581-CB2940EF66A5}.Release|Any CPU.Build.0 = Release|Any CPU
		{D5B75E5A-07C2-4B96-8581-CB2940EF66A5}.Release|ARM.ActiveCfg = Release|Any CPU
		{D5B75E5A-07C2-4B96-8581-CB2940EF66A5}.Release|ARM.Build.0 = Release|Any CPU
		{D5B75E5A-07C2-4B96-8581-CB2940EF66A5}.Release|x64.ActiveCfg = Release|Any CPU
		{D5B75E5A-07C2-4B96-8581-CB2940EF66A5}.Release|x64.Build.0 = Release|Any CPU
		{D5B75E5A-07C2-4B96-8581-CB2940EF66A5}.Release|x86.ActiveCfg = Release|Any CPU
		{D5B75E5A-07C2-4B96-8581-CB2940EF66A5}.Release|x86.Build.0 = Release|Any CPU
		{BD83F4C3-E3AC-407B-8725-EBFAF3671046}.Debug|Any CPU.ActiveCfg = Debug|Any CPU
		{BD83F4C3-E3AC-407B-8725-EBFAF3671046}.Debug|Any CPU.Build.0 = Debug|Any CPU
		{BD83F4C3-E3AC-407B-8725-EBFAF3671046}.Debug|ARM.ActiveCfg = Debug|Any CPU
		{BD83F4C3-E3AC-407B-8725-EBFAF3671046}.Debug|ARM.Build.0 = Debug|Any CPU
		{BD83F4C3-E3AC-407B-8725-EBFAF3671046}.Debug|x64.ActiveCfg = Debug|Any CPU
		{BD83F4C3-E3AC-407B-8725-EBFAF3671046}.Debug|x64.Build.0 = Debug|Any CPU
		{BD83F4C3-E3AC-407B-8725-EBFAF3671046}.Debug|x86.ActiveCfg = Debug|Any CPU
		{BD83F4C3-E3AC-407B-8725-EBFAF3671046}.Debug|x86.Build.0 = Debug|Any CPU
		{BD83F4C3-E3AC-407B-8725-EBFAF3671046}.Release|Any CPU.ActiveCfg = Release|Any CPU
		{BD83F4C3-E3AC-407B-8725-EBFAF3671046}.Release|Any CPU.Build.0 = Release|Any CPU
		{BD83F4C3-E3AC-407B-8725-EBFAF3671046}.Release|ARM.ActiveCfg = Release|Any CPU
		{BD83F4C3-E3AC-407B-8725-EBFAF3671046}.Release|ARM.Build.0 = Release|Any CPU
		{BD83F4C3-E3AC-407B-8725-EBFAF3671046}.Release|x64.ActiveCfg = Release|Any CPU
		{BD83F4C3-E3AC-407B-8725-EBFAF3671046}.Release|x64.Build.0 = Release|Any CPU
		{BD83F4C3-E3AC-407B-8725-EBFAF3671046}.Release|x86.ActiveCfg = Release|Any CPU
		{BD83F4C3-E3AC-407B-8725-EBFAF3671046}.Release|x86.Build.0 = Release|Any CPU
	EndGlobalSection
	GlobalSection(SolutionProperties) = preSolution
		HideSolutionNode = FALSE
	EndGlobalSection
	GlobalSection(NestedProjects) = preSolution
		{82F9F40C-2899-43F0-8A02-1B60082903CF} = {9D33292E-7990-4813-8114-A1309D5D8DC9}
		{0285C6F2-4246-49BA-8C98-D357E226F785} = {9D33292E-7990-4813-8114-A1309D5D8DC9}
		{E0712AC6-E511-4B09-8542-F2A15BB74F08} = {0285C6F2-4246-49BA-8C98-D357E226F785}
		{1651F168-7184-4886-8F29-8AC891F7C636} = {82F9F40C-2899-43F0-8A02-1B60082903CF}
		{B868BA56-D90A-4B7E-AA5C-13CF2A18DC5B} = {9D33292E-7990-4813-8114-A1309D5D8DC9}
		{3C2DC577-7919-4363-98F7-8C162B9E7580} = {B868BA56-D90A-4B7E-AA5C-13CF2A18DC5B}
		{123167F6-489F-490E-9A2F-42F091A6CB23} = {9D33292E-7990-4813-8114-A1309D5D8DC9}
		{5D2E4982-F7B3-4064-A1A2-7BF79EBF15A3} = {123167F6-489F-490E-9A2F-42F091A6CB23}
		{2DEEA856-959C-4818-9A06-BE7C30764D72} = {9D33292E-7990-4813-8114-A1309D5D8DC9}
		{8752D926-6F57-4EA3-B9C3-24D80EBC95F1} = {2DEEA856-959C-4818-9A06-BE7C30764D72}
		{D582E55D-412F-44F2-A461-EAC1103B28D3} = {9D33292E-7990-4813-8114-A1309D5D8DC9}
		{C2385F1D-C575-4D63-8E1C-47B2DCAC24CC} = {D582E55D-412F-44F2-A461-EAC1103B28D3}
		{A2F886D3-EAC1-4A28-B793-C767FDECE019} = {9D33292E-7990-4813-8114-A1309D5D8DC9}
		{03D10235-6997-43F2-A174-10BAC05FCB36} = {A2F886D3-EAC1-4A28-B793-C767FDECE019}
		{72F467B3-A655-45CF-9902-9D120B5B2465} = {03D10235-6997-43F2-A174-10BAC05FCB36}
		{0DE87D34-F078-46DB-A7AE-A4C5AC6D22CC} = {A2F886D3-EAC1-4A28-B793-C767FDECE019}
		{B630A42C-59BF-4A36-B30F-186296E0566D} = {0DE87D34-F078-46DB-A7AE-A4C5AC6D22CC}
		{411CA056-7F9E-4458-934F-C26D008F9D6A} = {0DE87D34-F078-46DB-A7AE-A4C5AC6D22CC}
		{23463AA2-8F76-4646-9D60-FE966C39F14F} = {0DE87D34-F078-46DB-A7AE-A4C5AC6D22CC}
		{8FE6D06A-2EE2-40C0-9BB4-E09545ACEF60} = {0DE87D34-F078-46DB-A7AE-A4C5AC6D22CC}
		{211F6427-EB59-4389-B8FB-5E04EFF87DC2} = {9D33292E-7990-4813-8114-A1309D5D8DC9}
		{D5B75E5A-07C2-4B96-8581-CB2940EF66A5} = {211F6427-EB59-4389-B8FB-5E04EFF87DC2}
		{BE53AAD9-BF72-47D6-9EFC-7A05AFC08E79} = {9D33292E-7990-4813-8114-A1309D5D8DC9}
		{BD83F4C3-E3AC-407B-8725-EBFAF3671046} = {BE53AAD9-BF72-47D6-9EFC-7A05AFC08E79}
	EndGlobalSection
	GlobalSection(ExtensibilityGlobals) = postSolution
		SolutionGuid = {97C0ADEC-F927-4D38-9C40-336D7C458A68}
	EndGlobalSection
EndGlobal
